
Microsoft Visual Studio Solution File, Format Version 12.00
# Visual Studio Version 16
VisualStudioVersion = 16.0.31025.194
MinimumVisualStudioVersion = 10.0.40219.1
Project("{FAE04EC0-301F-11D3-BF4B-00C04F79EFBC}") = "AplikasiPendataanBarangDanSupplier", "AplikasiPendataanBarangDanSupplier\AplikasiPendataanBarangDanSupplier.csproj", "{5010AC5F-B6EA-45BD-941A-F452F85B5A8C}"
EndProject
Global
	GlobalSection(SolutionConfigurationPlatforms) = preSolution
		Debug|Any CPU = Debug|Any CPU
		Release|Any CPU = Release|Any CPU
	EndGlobalSection
	GlobalSection(ProjectConfigurationPlatforms) = postSolution
		{5010AC5F-B6EA-45BD-941A-F452F85B5A8C}.Debug|Any CPU.ActiveCfg = Debug|Any CPU
		{5010AC5F-B6EA-45BD-941A-F452F85B5A8C}.Debug|Any CPU.Build.0 = Debug|Any CPU
		{5010AC5F-B6EA-45BD-941A-F452F85B5A8C}.Release|Any CPU.ActiveCfg = Release|Any CPU
		{5010AC5F-B6EA-45BD-941A-F452F85B5A8C}.Release|Any CPU.Build.0 = Release|Any CPU
	EndGlobalSection
	GlobalSection(SolutionProperties) = preSolution
		HideSolutionNode = FALSE
	EndGlobalSection
	GlobalSection(ExtensibilityGlobals) = postSolution
		SolutionGuid = {74E2307C-70CC-4BC7-AFD6-C652C35467EA}
	EndGlobalSection
EndGlobal
